// !$*UTF8*$!
{
	archiveVersion = 1;
	classes = {
	};
	objectVersion = 56;
	objects = {

/* Begin PBXBuildFile section */
		D6C990282DB15F5A00AE38ED /* WebKit.framework in Frameworks */ = {isa = PBXBuildFile; fileRef = D6C990272DB15F5A00AE38ED /* WebKit.framework */; };
		D6C9902B2DB1605100AE38ED /* SyncViewController.m in Sources */ = {isa = PBXBuildFile; fileRef = D6C9902A2DB1605100AE38ED /* SyncViewController.m */; };
		D6C9902E2DB1633400AE38ED /* ASyncViewController.m in Sources */ = {isa = PBXBuildFile; fileRef = D6C9902D2DB1633400AE38ED /* ASyncViewController.m */; };
		F88E5DC22DB15A8700B5370B /* AppDelegate.m in Sources */ = {isa = PBXBuildFile; fileRef = F88E5DC12DB15A8700B5370B /* AppDelegate.m */; };
		F88E5DC52DB15A8700B5370B /* SceneDelegate.m in Sources */ = {isa = PBXBuildFile; fileRef = F88E5DC42DB15A8700B5370B /* SceneDelegate.m */; };
		F88E5DC82DB15A8700B5370B /* ViewController.m in Sources */ = {isa = PBXBuildFile; fileRef = F88E5DC72DB15A8700B5370B /* ViewController.m */; };
		F88E5DCB2DB15A8700B5370B /* Main.storyboard in Resources */ = {isa = PBXBuildFile; fileRef = F88E5DC92DB15A8700B5370B /* Main.storyboard */; };
		F88E5DCD2DB15A8A00B5370B /* Assets.xcassets in Resources */ = {isa = PBXBuildFile; fileRef = F88E5DCC2DB15A8A00B5370B /* Assets.xcassets */; };
		F88E5DD02DB15A8A00B5370B /* LaunchScreen.storyboard in Resources */ = {isa = PBXBuildFile; fileRef = F88E5DCE2DB15A8A00B5370B /* LaunchScreen.storyboard */; };
		F88E5DD32DB15A8A00B5370B /* main.m in Sources */ = {isa = PBXBuildFile; fileRef = F88E5DD22DB15A8A00B5370B /* main.m */; };
/* End PBXBuildFile section */

/* Begin PBXFileReference section */
		D6C990272DB15F5A00AE38ED /* WebKit.framework */ = {isa = PBXFileReference; lastKnownFileType = wrapper.framework; name = WebKit.framework; path = System/Library/Frameworks/WebKit.framework; sourceTree = SDKROOT; };
		D6C990292DB1605100AE38ED /* SyncViewController.h */ = {isa = PBXFileReference; lastKnownFileType = sourcecode.c.h; path = SyncViewController.h; sourceTree = "<group>"; };
		D6C9902A2DB1605100AE38ED /* SyncViewController.m */ = {isa = PBXFileReference; lastKnownFileType = sourcecode.c.objc; path = SyncViewController.m; sourceTree = "<group>"; };
		D6C9902C2DB1633400AE38ED /* ASyncViewController.h */ = {isa = PBXFileReference; lastKnownFileType = sourcecode.c.h; path = ASyncViewController.h; sourceTree = "<group>"; };
		D6C9902D2DB1633400AE38ED /* ASyncViewController.m */ = {isa = PBXFileReference; lastKnownFileType = sourcecode.c.objc; path = ASyncViewController.m; sourceTree = "<group>"; };
		F88E5DBD2DB15A8700B5370B /* day5-lab1.app */ = {isa = PBXFileReference; explicitFileType = wrapper.application; includeInIndex = 0; path = "day5-lab1.app"; sourceTree = BUILT_PRODUCTS_DIR; };
		F88E5DC02DB15A8700B5370B /* AppDelegate.h */ = {isa = PBXFileReference; lastKnownFileType = sourcecode.c.h; path = AppDelegate.h; sourceTree = "<group>"; };
		F88E5DC12DB15A8700B5370B /* AppDelegate.m */ = {isa = PBXFileReference; lastKnownFileType = sourcecode.c.objc; path = AppDelegate.m; sourceTree = "<group>"; };
		F88E5DC32DB15A8700B5370B /* SceneDelegate.h */ = {isa = PBXFileReference; lastKnownFileType = sourcecode.c.h; path = SceneDelegate.h; sourceTree = "<group>"; };
		F88E5DC42DB15A8700B5370B /* SceneDelegate.m */ = {isa = PBXFileReference; lastKnownFileType = sourcecode.c.objc; path = SceneDelegate.m; sourceTree = "<group>"; };
		F88E5DC62DB15A8700B5370B /* ViewController.h */ = {isa = PBXFileReference; lastKnownFileType = sourcecode.c.h; path = ViewController.h; sourceTree = "<group>"; };
		F88E5DC72DB15A8700B5370B /* ViewController.m */ = {isa = PBXFileReference; lastKnownFileType = sourcecode.c.objc; path = ViewController.m; sourceTree = "<group>"; };
		F88E5DCA2DB15A8700B5370B /* Base */ = {isa = PBXFileReference; lastKnownFileType = file.storyboard; name = Base; path = Base.lproj/Main.storyboard; sourceTree = "<group>"; };
		F88E5DCC2DB15A8A00B5370B /* Assets.xcassets */ = {isa = PBXFileReference; lastKnownFileType = folder.assetcatalog; path = Assets.xcassets; sourceTree = "<group>"; };
		F88E5DCF2DB15A8A00B5370B /* Base */ = {isa = PBXFileReference; lastKnownFileType = file.storyboard; name = Base; path = Base.lproj/LaunchScreen.storyboard; sourceTree = "<group>"; };
		F88E5DD12DB15A8A00B5370B /* Info.plist */ = {isa = PBXFileReference; lastKnownFileType = text.plist.xml; path = Info.plist; sourceTree = "<group>"; };
		F88E5DD22DB15A8A00B5370B /* main.m */ = {isa = PBXFileReference; lastKnownFileType = sourcecode.c.objc; path = main.m; sourceTree = "<group>"; };
/* End PBXFileReference section */

/* Begin PBXFrameworksBuildPhase section */
		F88E5DBA2DB15A8700B5370B /* Frameworks */ = {
			isa = PBXFrameworksBuildPhase;
			buildActionMask = 2147483647;
			files = (
				D6C990282DB15F5A00AE38ED /* WebKit.framework in Frameworks */,
			);
			runOnlyForDeploymentPostprocessing = 0;
		};
/* End PBXFrameworksBuildPhase section */

/* Begin PBXGroup section */
		D6C990262DB15F5A00AE38ED /* Frameworks */ = {
			isa = PBXGroup;
			children = (
				D6C990272DB15F5A00AE38ED /* WebKit.framework */,
			);
			name = Frameworks;
			sourceTree = "<group>";
		};
		F88E5DB42DB15A8700B5370B = {
			isa = PBXGroup;
			children = (
				F88E5DBF2DB15A8700B5370B /* day5-lab1 */,
				D6C990262DB15F5A00AE38ED /* Frameworks */,
				F88E5DBE2DB15A8700B5370B /* Products */,
			);
			sourceTree = "<group>";
		};
		F88E5DBE2DB15A8700B5370B /* Products */ = {
			isa = PBXGroup;
			children = (
				F88E5DBD2DB15A8700B5370B /* day5-lab1.app */,
			);
			name = Products;
			sourceTree = "<group>";
		};
		F88E5DBF2DB15A8700B5370B /* day5-lab1 */ = {
			isa = PBXGroup;
			children = (
				F88E5DC02DB15A8700B5370B /* AppDelegate.h */,
				F88E5DC12DB15A8700B5370B /* AppDelegate.m */,
				F88E5DC32DB15A8700B5370B /* SceneDelegate.h */,
				F88E5DC42DB15A8700B5370B /* SceneDelegate.m */,
				F88E5DC62DB15A8700B5370B /* ViewController.h */,
				F88E5DC72DB15A8700B5370B /* ViewController.m */,
				F88E5DC92DB15A8700B5370B /* Main.storyboard */,
				F88E5DCC2DB15A8A00B5370B /* Assets.xcassets */,
				F88E5DCE2DB15A8A00B5370B /* LaunchScreen.storyboard */,
				F88E5DD12DB15A8A00B5370B /* Info.plist */,
				F88E5DD22DB15A8A00B5370B /* main.m */,
				D6C990292DB1605100AE38ED /* SyncViewController.h */,
				D6C9902C2DB1633400AE38ED /* ASyncViewController.h */,
				D6C9902D2DB1633400AE38ED /* ASyncViewController.m */,
				D6C9902A2DB1605100AE38ED /* SyncViewController.m */,
			);
			path = "day5-lab1";
			sourceTree = "<group>";
		};
/* End PBXGroup section */

/* Begin PBXNativeTarget section */
		F88E5DBC2DB15A8700B5370B /* day5-lab1 */ = {
			isa = PBXNativeTarget;
			buildConfigurationList = F88E5DD62DB15A8A00B5370B /* Build configuration list for PBXNativeTarget "day5-lab1" */;
			buildPhases = (
				F88E5DB92DB15A8700B5370B /* Sources */,
				F88E5DBA2DB15A8700B5370B /* Frameworks */,
				F88E5DBB2DB15A8700B5370B /* Resources */,
			);
			buildRules = (
			);
			dependencies = (
			);
			name = "day5-lab1";
			productName = "day5-lab1";
			productReference = F88E5DBD2DB15A8700B5370B /* day5-lab1.app */;
			productType = "com.apple.product-type.application";
		};
/* End PBXNativeTarget section */

/* Begin PBXProject section */
		F88E5DB52DB15A8700B5370B /* Project object */ = {
			isa = PBXProject;
			attributes = {
				BuildIndependentTargetsInParallel = 1;
				LastUpgradeCheck = 1420;
				TargetAttributes = {
					F88E5DBC2DB15A8700B5370B = {
						CreatedOnToolsVersion = 14.2;
					};
				};
			};
			buildConfigurationList = F88E5DB82DB15A8700B5370B /* Build configuration list for PBXProject "day5-lab1" */;
			compatibilityVersion = "Xcode 14.0";
			developmentRegion = en;
			hasScannedForEncodings = 0;
			knownRegions = (
				en,
				Base,
			);
			mainGroup = F88E5DB42DB15A8700B5370B;
			productRefGroup = F88E5DBE2DB15A8700B5370B /* Products */;
			projectDirPath = "";
			projectRoot = "";
			targets = (
				F88E5DBC2DB15A8700B5370B /* day5-lab1 */,
			);
		};
/* End PBXProject section */

/* Begin PBXResourcesBuildPhase section */
		F88E5DBB2DB15A8700B5370B /* Resources */ = {
			isa = PBXResourcesBuildPhase;
			buildActionMask = 2147483647;
			files = (
				F88E5DD02DB15A8A00B5370B /* LaunchScreen.storyboard in Resources */,
				F88E5DCD2DB15A8A00B5370B /* Assets.xcassets in Resources */,
				F88E5DCB2DB15A8700B5370B /* Main.storyboard in Resources */,
			);
			runOnlyForDeploymentPostprocessing = 0;
		};
/* End PBXResourcesBuildPhase section */

/* Begin PBXSourcesBuildPhase section */
		F88E5DB92DB15A8700B5370B /* Sources */ = {
			isa = PBXSourcesBuildPhase;
			buildActionMask = 2147483647;
			files = (
				D6C9902B2DB1605100AE38ED /* SyncViewController.m in Sources */,
				F88E5DC82DB15A8700B5370B /* ViewController.m in Sources */,
				F88E5DC22DB15A8700B5370B /* AppDelegate.m in Sources */,
				D6C9902E2DB1633400AE38ED /* ASyncViewController.m in Sources */,
				F88E5DD32DB15A8A00B5370B /* main.m in Sources */,
				F88E5DC52DB15A8700B5370B /* SceneDelegate.m in Sources */,
			);
			runOnlyForDeploymentPostprocessing = 0;
		};
/* End PBXSourcesBuildPhase section */

/* Begin PBXVariantGroup section */
		F88E5DC92DB15A8700B5370B /* Main.storyboard */ = {
			isa = PBXVariantGroup;
			children = (
				F88E5DCA2DB15A8700B5370B /* Base */,
			);
			name = Main.storyboard;
			sourceTree = "<group>";
		};
		F88E5DCE2DB15A8A00B5370B /* LaunchScreen.storyboard */ = {
			isa = PBXVariantGroup;
			children = (
				F88E5DCF2DB15A8A00B5370B /* Base */,
			);
			name = LaunchScreen.storyboard;
			sourceTree = "<group>";
		};
/* End PBXVariantGroup section */

/* Begin XCBuildConfiguration section */
		F88E5DD42DB15A8A00B5370B /* Debug */ = {
			isa = XCBuildConfiguration;
			buildSettings = {
				ALWAYS_SEARCH_USER_PATHS = NO;
				CLANG_ANALYZER_NONNULL = YES;
				CLANG_ANALYZER_NUMBER_OBJECT_CONVERSION = YES_AGGRESSIVE;
				CLANG_CXX_LANGUAGE_STANDARD = "gnu++20";
				CLANG_ENABLE_MODULES = YES;
				CLANG_ENABLE_OBJC_ARC = YES;
				CLANG_ENABLE_OBJC_WEAK = YES;
				CLANG_WARN_BLOCK_CAPTURE_AUTORELEASING = YES;
				CLANG_WARN_BOOL_CONVERSION = YES;
				CLANG_WARN_COMMA = YES;
				CLANG_WARN_CONSTANT_CONVERSION = YES;
				CLANG_WARN_DEPRECATED_OBJC_IMPLEMENTATIONS = YES;
				CLANG_WARN_DIRECT_OBJC_ISA_USAGE = YES_ERROR;
				CLANG_WARN_DOCUMENTATION_COMMENTS = YES;
				CLANG_WARN_EMPTY_BODY = YES;
				CLANG_WARN_ENUM_CONVERSION = YES;
				CLANG_WARN_INFINITE_RECURSION = YES;
				CLANG_WARN_INT_CONVERSION = YES;
				CLANG_WARN_NON_LITERAL_NULL_CONVERSION = YES;
				CLANG_WARN_OBJC_IMPLICIT_RETAIN_SELF = YES;
				CLANG_WARN_OBJC_LITERAL_CONVERSION = YES;
				CLANG_WARN_OBJC_ROOT_CLASS = YES_ERROR;
				CLANG_WARN_QUOTED_INCLUDE_IN_FRAMEWORK_HEADER = YES;
				CLANG_WARN_RANGE_LOOP_ANALYSIS = YES;
				CLANG_WARN_STRICT_PROTOTYPES = YES;
				CLANG_WARN_SUSPICIOUS_MOVE = YES;
				CLANG_WARN_UNGUARDED_AVAILABILITY = YES_AGGRESSIVE;
				CLANG_WARN_UNREACHABLE_CODE = YES;
				CLANG_WARN__DUPLICATE_METHOD_MATCH = YES;
				COPY_PHASE_STRIP = NO;
				DEBUG_INFORMATION_FORMAT = dwarf;
				ENABLE_STRICT_OBJC_MSGSEND = YES;
				ENABLE_TESTABILITY = YES;
				GCC_C_LANGUAGE_STANDARD = gnu11;
				GCC_DYNAMIC_NO_PIC = NO;
				GCC_NO_COMMON_BLOCKS = YES;
				GCC_OPTIMIZATION_LEVEL = 0;
				GCC_PREPROCESSOR_DEFINITIONS = (
					"DEBUG=1",
					"$(inherited)",
				);
				GCC_WARN_64_TO_32_BIT_CONVERSION = YES;
				GCC_WARN_ABOUT_RETURN_TYPE = YES_ERROR;
				GCC_WARN_UNDECLARED_SELECTOR = YES;
				GCC_WARN_UNINITIALIZED_AUTOS = YES_AGGRESSIVE;
				GCC_WARN_UNUSED_FUNCTION = YES;
				GCC_WARN_UNUSED_VARIABLE = YES;
				IPHONEOS_DEPLOYMENT_TARGET = 16.2;
				MTL_ENABLE_DEBUG_INFO = INCLUDE_SOURCE;
				MTL_FAST_MATH = YES;
				ONLY_ACTIVE_ARCH = YES;
				SDKROOT = iphoneos;
			};
			name = Debug;
		};
		F88E5DD52DB15A8A00B5370B /* Release */ = {
			isa = XCBuildConfiguration;
			buildSettings = {
				ALWAYS_SEARCH_USER_PATHS = NO;
				CLANG_ANALYZER_NONNULL = YES;
				CLANG_ANALYZER_NUMBER_OBJECT_CONVERSION = YES_AGGRESSIVE;
				CLANG_CXX_LANGUAGE_STANDARD = "gnu++20";
				CLANG_ENABLE_MODULES = YES;
				CLANG_ENABLE_OBJC_ARC = YES;
				CLANG_ENABLE_OBJC_WEAK = YES;
				CLANG_WARN_BLOCK_CAPTURE_AUTORELEASING = YES;
				CLANG_WARN_BOOL_CONVERSION = YES;
				CLANG_WARN_COMMA = YES;
				CLANG_WARN_CONSTANT_CONVERSION = YES;
				CLANG_WARN_DEPRECATED_OBJC_IMPLEMENTATIONS = YES;
				CLANG_WARN_DIRECT_OBJC_ISA_USAGE = YES_ERROR;
				CLANG_WARN_DOCUMENTATION_COMMENTS = YES;
				CLANG_WARN_EMPTY_BODY = YES;
				CLANG_WARN_ENUM_CONVERSION = YES;
				CLANG_WARN_INFINITE_RECURSION = YES;
				CLANG_WARN_INT_CONVERSION = YES;
				CLANG_WARN_NON_LITERAL_NULL_CONVERSION = YES;
				CLANG_WARN_OBJC_IMPLICIT_RETAIN_SELF = YES;
				CLANG_WARN_OBJC_LITERAL_CONVERSION = YES;
				CLANG_WARN_OBJC_ROOT_CLASS = YES_ERROR;
				CLANG_WARN_QUOTED_INCLUDE_IN_FRAMEWORK_HEADER = YES;
				CLANG_WARN_RANGE_LOOP_ANALYSIS = YES;
				CLANG_WARN_STRICT_PROTOTYPES = YES;
				CLANG_WARN_SUSPICIOUS_MOVE = YES;
				CLANG_WARN_UNGUARDED_AVAILABILITY = YES_AGGRESSIVE;
				CLANG_WARN_UNREACHABLE_CODE = YES;
				CLANG_WARN__DUPLICATE_METHOD_MATCH = YES;
				COPY_PHASE_STRIP = NO;
				DEBUG_INFORMATION_FORMAT = "dwarf-with-dsym";
				ENABLE_NS_ASSERTIONS = NO;
				ENABLE_STRICT_OBJC_MSGSEND = YES;
				GCC_C_LANGUAGE_STANDARD = gnu11;
				GCC_NO_COMMON_BLOCKS = YES;
				GCC_WARN_64_TO_32_BIT_CONVERSION = YES;
				GCC_WARN_ABOUT_RETURN_TYPE = YES_ERROR;
				GCC_WARN_UNDECLARED_SELECTOR = YES;
				GCC_WARN_UNINITIALIZED_AUTOS = YES_AGGRESSIVE;
				GCC_WARN_UNUSED_FUNCTION = YES;
				GCC_WARN_UNUSED_VARIABLE = YES;
				IPHONEOS_DEPLOYMENT_TARGET = 16.2;
				MTL_ENABLE_DEBUG_INFO = NO;
				MTL_FAST_MATH = YES;
				SDKROOT = iphoneos;
				VALIDATE_PRODUCT = YES;
			};
			name = Release;
		};
		F88E5DD72DB15A8A00B5370B /* Debug */ = {
			isa = XCBuildConfiguration;
			buildSettings = {
				ASSETCATALOG_COMPILER_APPICON_NAME = AppIcon;
				ASSETCATALOG_COMPILER_GLOBAL_ACCENT_COLOR_NAME = AccentColor;
				CODE_SIGN_STYLE = Automatic;
				CURRENT_PROJECT_VERSION = 1;
				GENERATE_INFOPLIST_FILE = YES;
				INFOPLIST_FILE = "day5-lab1/Info.plist";
				INFOPLIST_KEY_UIApplicationSupportsIndirectInputEvents = YES;
				INFOPLIST_KEY_UILaunchStoryboardName = LaunchScreen;
				INFOPLIST_KEY_UIMainStoryboardFile = Main;
				INFOPLIST_KEY_UISupportedInterfaceOrientations_iPad = "UIInterfaceOrientationPortrait UIInterfaceOrientationPortraitUpsideDown UIInterfaceOrientationLandscapeLeft UIInterfaceOrientationLandscapeRight";
				INFOPLIST_KEY_UISupportedInterfaceOrientations_iPhone = "UIInterfaceOrientationPortrait UIInterfaceOrientationLandscapeLeft UIInterfaceOrientationLandscapeRight";
				LD_RUNPATH_SEARCH_PATHS = (
					"$(inherited)",
					"@executable_path/Frameworks",
				);
				MARKETING_VERSION = 1.0;
				PRODUCT_BUNDLE_IDENTIFIER = "com.boody.day5-lab1";
				PRODUCT_NAME = "$(TARGET_NAME)";
				SWIFT_EMIT_LOC_STRINGS = YES;
				TARGETED_DEVICE_FAMILY = "1,2";
			};
			name = Debug;
		};
		F88E5DD82DB15A8A00B5370B /* Release */ = {
			isa = XCBuildConfiguration;
			buildSettings = {
				ASSETCATALOG_COMPILER_APPICON_NAME = AppIcon;
				ASSETCATALOG_COMPILER_GLOBAL_ACCENT_COLOR_NAME = AccentColor;
				CODE_SIGN_STYLE = Automatic;
				CURRENT_PROJECT_VERSION = 1;
				GENERATE_INFOPLIST_FILE = YES;
				INFOPLIST_FILE = "day5-lab1/Info.plist";
				INFOPLIST_KEY_UIApplicationSupportsIndirectInputEvents = YES;
				INFOPLIST_KEY_UILaunchStoryboardName = LaunchScreen;
				INFOPLIST_KEY_UIMainStoryboardFile = Main;
				INFOPLIST_KEY_UISupportedInterfaceOrientations_iPad = "UIInterfaceOrientationPortrait UIInterfaceOrientationPortraitUpsideDown UIInterfaceOrientationLandscapeLeft UIInterfaceOrientationLandscapeRight";
				INFOPLIST_KEY_UISupportedInterfaceOrientations_iPhone = "UIInterfaceOrientationPortrait UIInterfaceOrientationLandscapeLeft UIInterfaceOrientationLandscapeRight";
				LD_RUNPATH_SEARCH_PATHS = (
					"$(inherited)",
					"@executable_path/Frameworks",
				);
				MARKETING_VERSION = 1.0;
				PRODUCT_BUNDLE_IDENTIFIER = "com.boody.day5-lab1";
				PRODUCT_NAME = "$(TARGET_NAME)";
				SWIFT_EMIT_LOC_STRINGS = YES;
				TARGETED_DEVICE_FAMILY = "1,2";
			};
			name = Release;
		};
/* End XCBuildConfiguration section */

/* Begin XCConfigurationList section */
		F88E5DB82DB15A8700B5370B /* Build configuration list for PBXProject "day5-lab1" */ = {
			isa = XCConfigurationList;
			buildConfigurations = (
				F88E5DD42DB15A8A00B5370B /* Debug */,
				F88E5DD52DB15A8A00B5370B /* Release */,
			);
			defaultConfigurationIsVisible = 0;
			defaultConfigurationName = Release;
		};
		F88E5DD62DB15A8A00B5370B /* Build configuration list for PBXNativeTarget "day5-lab1" */ = {
			isa = XCConfigurationList;
			buildConfigurations = (
				F88E5DD72DB15A8A00B5370B /* Debug */,
				F88E5DD82DB15A8A00B5370B /* Release */,
			);
			defaultConfigurationIsVisible = 0;
			defaultConfigurationName = Release;
		};
/* End XCConfigurationList section */
	};
	rootObject = F88E5DB52DB15A8700B5370B /* Project object */;
}
